{
  "nodes": {
    "nixpkgs": {
      "locked": {
        "lastModified": 1694954845,
        "narHash": "sha256-LdM6LtkUJgtlaqbYMmxV37iDVw8LfGVy2RbPGqPcN14=",
        "path": "/home/grwlf/proj/nixcfg/nixpkgs",
        "type": "path"
      },
      "original": {
        "path": "/home/grwlf/proj/nixcfg/nixpkgs",
        "type": "path"
      }
    },
    "root": {
      "inputs": {
        "nixpkgs": "nixpkgs"
      }
    }
  },
  "root": "root",
  "version": 7
}
